
Microsoft Visual Studio Solution File, Format Version 12.00
Project("{FAE04EC0-301F-11D3-BF4B-00C04F79EFBC}") = "MinecraftModRenamingTool", "MinecraftModRenamingTool\MinecraftModRenamingTool.csproj", "{F3DDF5F2-81AC-4FB1-BEB1-FFC98D2A9138}"
EndProject
Global
	GlobalSection(SolutionConfigurationPlatforms) = preSolution
		Debug|Any CPU = Debug|Any CPU
		Release|Any CPU = Release|Any CPU
	EndGlobalSection
	GlobalSection(ProjectConfigurationPlatforms) = postSolution
		{F3DDF5F2-81AC-4FB1-BEB1-FFC98D2A9138}.Debug|Any CPU.ActiveCfg = Debug|Any CPU
		{F3DDF5F2-81AC-4FB1-BEB1-FFC98D2A9138}.Debug|Any CPU.Build.0 = Debug|Any CPU
		{F3DDF5F2-81AC-4FB1-BEB1-FFC98D2A9138}.Release|Any CPU.ActiveCfg = Release|Any CPU
		{F3DDF5F2-81AC-4FB1-BEB1-FFC98D2A9138}.Release|Any CPU.Build.0 = Release|Any CPU
	EndGlobalSection
EndGlobal
